{
  "version": 4,
  "terraform_version": "1.3.2",
  "serial": 41,
  "lineage": "0950f4e5-b213-42a4-9e0b-e0c1233d8046",
  "outputs": {},
  "resources": [
    {
      "module": "module.K8s",
      "mode": "data",
      "type": "google_project",
      "name": "project",
      "provider": "provider[\"registry.terraform.io/hashicorp/google\"]",
      "instances": [
        {
          "schema_version": 0,
          "attributes": {
            "auto_create_network": null,
            "billing_account": "01A78F-B74468-B7D329",
            "folder_id": null,
            "id": "projects/annular-haven-365520",
            "labels": {},
            "name": "Alimohamed",
            "number": "332160196033",
            "org_id": null,
            "project_id": "annular-haven-365520",
            "skip_delete": null
          },
          "sensitive_attributes": []
        }
      ]
    },
    {
      "module": "module.K8s",
      "mode": "managed",
      "type": "google_artifact_registry_repository",
      "name": "my-repo",
      "provider": "provider[\"registry.terraform.io/hashicorp/google\"]",
      "instances": [
        {
          "schema_version": 0,
          "attributes": {
            "create_time": "2022-10-31T21:14:50.650995Z",
            "description": "example docker repository",
            "format": "DOCKER",
            "id": "projects/annular-haven-365520/locations/us-central1/repositories/my-repository",
            "kms_key_name": "",
            "labels": {},
            "location": "us-central1",
            "maven_config": [],
            "name": "my-repository",
            "project": "annular-haven-365520",
            "repository_id": "my-repository",
            "timeouts": null,
            "update_time": "2022-10-31T21:14:50.650995Z"
          },
          "sensitive_attributes": [],
          "private": "eyJlMmJmYjczMC1lY2FhLTExZTYtOGY4OC0zNDM2M2JjN2M0YzAiOnsiY3JlYXRlIjoxMjAwMDAwMDAwMDAwLCJkZWxldGUiOjEyMDAwMDAwMDAwMDAsInVwZGF0ZSI6MTIwMDAwMDAwMDAwMH19"
        }
      ]
    },
    {
      "module": "module.K8s",
      "mode": "managed",
      "type": "google_container_cluster",
      "name": "gke",
      "provider": "provider[\"registry.terraform.io/hashicorp/google\"]",
      "instances": [
        {
          "schema_version": 1,
          "attributes": {
            "addons_config": [
              {
                "cloudrun_config": [],
                "dns_cache_config": [],
                "gce_persistent_disk_csi_driver_config": [
                  {
                    "enabled": true
                  }
                ],
                "gcp_filestore_csi_driver_config": [],
                "horizontal_pod_autoscaling": [],
                "http_load_balancing": [],
                "network_policy_config": [
                  {
                    "disabled": false
                  }
                ]
              }
            ],
            "authenticator_groups_config": [],
            "binary_authorization": [
              {
                "enabled": false,
                "evaluation_mode": ""
              }
            ],
            "cluster_autoscaling": [
              {
                "auto_provisioning_defaults": [],
                "enabled": false,
                "resource_limits": []
              }
            ],
            "cluster_ipv4_cidr": "10.48.0.0/14",
            "confidential_nodes": [],
            "database_encryption": [
              {
                "key_name": "",
                "state": "DECRYPTED"
              }
            ],
            "datapath_provider": "",
            "default_max_pods_per_node": 110,
            "default_snat_status": [
              {
                "disabled": false
              }
            ],
            "description": "",
            "dns_config": [],
            "enable_autopilot": false,
            "enable_binary_authorization": false,
            "enable_intranode_visibility": false,
            "enable_kubernetes_alpha": false,
            "enable_legacy_abac": false,
            "enable_shielded_nodes": true,
            "enable_tpu": false,
            "endpoint": "172.16.0.2",
            "id": "projects/annular-haven-365520/locations/us-central1-a/clusters/gke",
            "initial_node_count": 2,
            "ip_allocation_policy": [
              {
                "cluster_ipv4_cidr_block": "10.48.0.0/14",
                "cluster_secondary_range_name": "k8s-pod-range",
                "services_ipv4_cidr_block": "10.52.0.0/20",
                "services_secondary_range_name": "k8s-service-range"
              }
            ],
            "label_fingerprint": "a9dc16a7",
            "location": "us-central1-a",
            "logging_config": [
              {
                "enable_components": [
                  "SYSTEM_COMPONENTS",
                  "WORKLOADS"
                ]
              }
            ],
            "logging_service": "logging.googleapis.com/kubernetes",
            "maintenance_policy": [],
            "master_auth": [
              {
                "client_certificate": "",
                "client_certificate_config": [
                  {
                    "issue_client_certificate": false
                  }
                ],
                "client_key": "",
                "cluster_ca_certificate": "LS0tLS1CRUdJTiBDRVJUSUZJQ0FURS0tLS0tCk1JSUVMRENDQXBTZ0F3SUJBZ0lRYjlWMC9sOUZ2Z0FrZzdsVkNDY1VNREFOQmdrcWhraUc5dzBCQVFzRkFEQXYKTVMwd0t3WURWUVFERXlRMVl6TXpOR00wWVMxa056YzBMVFJrWkRZdE9HWXdNUzB3WkRReU1UZzBaVEkwT1dJdwpJQmNOTWpJeE1ETXhNakF4T0RNeVdoZ1BNakExTWpFd01qTXlNVEU0TXpKYU1DOHhMVEFyQmdOVkJBTVRKRFZqCk16TTBZelJoTFdRM056UXROR1JrTmkwNFpqQXhMVEJrTkRJeE9EUmxNalE1WWpDQ0FhSXdEUVlKS29aSWh2Y04KQVFFQkJRQURnZ0dQQURDQ0FZb0NnZ0dCQU41aEh2VTY5WVdRd0EremJCNmZWMDVSNWYraFRoNkhRak9jOGxwVApYSEVnRmpRTjlSOUhzbUgvZGg2WGNXZ3ZYNjhabHl2SG8vRWRvdVdqdTFkUjF6YTFuYW10L0s3LzRINXJaU1ZBCncwVWJWVFlUejN5R1FUdUdnRUFaN3NLVVVXNEFmS3luK1h6TTI0L3VuTGRMTDQ0bFdHdmI2N1cxMWlZUHpRUFgKRkxlMVNZWmgvZGZjYjRNMk5iUUcwaWR2RExtWXI0MFNsMmZnY296dWc0K3djVEs5ZGRMcXhtRU5DWE9LWjMwMQpLNTROay9CSzc5SjJ6V3FUM2NReksxL2NzQzVyYlFZdjRFaHFvNk1RM1UvMTdsV240VGpKOU83OUt4S3RDbzh4CkNHSVlXZExSazZWUUhMZUZXS2ZEc3pKM1EyNnZSQjVPdVJTK2ZXcjcvR3NSQ25FSEo1bVQ4VG81bDYyT0hMMnIKWTlYWnhyaStVTmdQR2NsM1hKd2pmenhoeUJaRWQzR29hYzNqelBuNXBoQTRPeGVyQjFUUVpNYkRTNE12MDdPTwptdWMvSCtBSEljT3BRemFJN1JWNjNramx0a2ZsSWE2cWh3NWFHZUFyb3BuUHVac3hQRTlsQUJNQ0hsZnZzcXlTCkg1WHlEMWk0cmU4YStodktRaFF1RFdOb3N3SURBUUFCbzBJd1FEQU9CZ05WSFE4QkFmOEVCQU1DQWdRd0R3WUQKVlIwVEFRSC9CQVV3QXdFQi96QWRCZ05WSFE0RUZnUVVYa0N0TVpHZEdNejdkWVNCVEJVOUJTZkxnbTh3RFFZSgpLb1pJaHZjTkFRRUxCUUFEZ2dHQkFIN3pjZFNaeGlXRURESWMrRnVoM3hhYmthejNBSEhkNzNGZ0l3aVhuNFdXCjBLOC90azNNVmFkZDdLcDNpbUVRdktnaUZIVHFQUWkxN1dENHBhRnExTXR2c09GL1J3QnZjbjJ4WmZwanJobm4KK1dJUWthR3ZGbE5CdHlKaHFVRVB6MUQwOHkzU1J3TnRLRm1naWhEQmszYkxBeTRRQ0dGNlEyTWJrdVozU1ZDNwpwKzR2QnN0bjViMWkzMmpHY2lqQU5UMGNYVjZEN2RsYXR2VTFvcGgwWG9Ta3l0d25OUXUwQ3E2VkgxMEw5RGorCmo1M29jRVNES0p5NVZqRXByT0VLUHE4aTN3Y3FyK3AyRnlBL1dKUzF4QkpsMkVYc09VODJHUE0vdXBaTnVPUnoKRmVXL0s0bUk0SXVnV3lmRXRxRXVpbTZGY2N1aDZXUHVPd0JxaWlHSERCaC8wZjlvMkl4QTBrVVlQcys5UkFNcQptTGRaRUJKV0phcFRsbzlZbm1pNTBXR0tFdDJnYW51MFJraG5sTEVsS2F5OFluaUQrSXVwZlBXWmhaWG0vdnkxCkJWM21rS1I1eHNXLytBODZVK1I2WVhWbWRNU3A5RGZ4MStya285STBWRkx4VmJGTE9KZ2E1c3d0OXJ1VU5KL1EKL1VyRGwzNC9vUjlsOVFjSE44N0I4QT09Ci0tLS0tRU5EIENFUlRJRklDQVRFLS0tLS0K"
              }
            ],
            "master_authorized_networks_config": [
              {
                "cidr_blocks": [
                  {
                    "cidr_block": "192.168.1.0/24",
                    "display_name": ""
                  }
                ]
              }
            ],
            "master_version": "1.22.12-gke.2300",
            "mesh_certificates": [],
            "min_master_version": null,
            "monitoring_config": [
              {
                "enable_components": [
                  "SYSTEM_COMPONENTS"
                ]
              }
            ],
            "monitoring_service": "monitoring.googleapis.com/kubernetes",
            "name": "gke",
            "network": "projects/annular-haven-365520/global/networks/custom-vpc",
            "network_policy": [
              {
                "enabled": true,
                "provider": ""
              }
            ],
            "networking_mode": "VPC_NATIVE",
            "node_config": [
              {
                "boot_disk_kms_key": "",
                "disk_size_gb": 100,
                "disk_type": "pd-standard",
                "gcfs_config": [],
                "guest_accelerator": [],
                "gvnic": [],
                "image_type": "COS_CONTAINERD",
                "labels": {
                  "role": "general"
                },
                "local_ssd_count": 0,
                "machine_type": "e2-medium",
                "metadata": {
                  "disable-legacy-endpoints": "true"
                },
                "min_cpu_platform": "",
                "node_group": "",
                "oauth_scopes": [
                  "https://www.googleapis.com/auth/cloud-platform"
                ],
                "preemptible": false,
                "reservation_affinity": [],
                "service_account": "k8s-staging@annular-haven-365520.iam.gserviceaccount.com",
                "shielded_instance_config": [
                  {
                    "enable_integrity_monitoring": true,
                    "enable_secure_boot": false
                  }
                ],
                "spot": false,
                "tags": [],
                "taint": [],
                "workload_metadata_config": []
              }
            ],
            "node_locations": [],
            "node_pool": [
              {
                "autoscaling": [],
                "initial_node_count": 3,
                "instance_group_urls": [
                  "https://www.googleapis.com/compute/v1/projects/annular-haven-365520/zones/us-central1-a/instanceGroupManagers/gke-gke-general-7dc2205e-grp"
                ],
                "managed_instance_group_urls": [
                  "https://www.googleapis.com/compute/v1/projects/annular-haven-365520/zones/us-central1-a/instanceGroups/gke-gke-general-7dc2205e-grp"
                ],
                "management": [
                  {
                    "auto_repair": true,
                    "auto_upgrade": true
                  }
                ],
                "max_pods_per_node": 110,
                "name": "general",
                "name_prefix": "",
                "node_config": [
                  {
                    "boot_disk_kms_key": "",
                    "disk_size_gb": 100,
                    "disk_type": "pd-standard",
                    "gcfs_config": [],
                    "guest_accelerator": [],
                    "gvnic": [],
                    "image_type": "COS_CONTAINERD",
                    "labels": {
                      "role": "general"
                    },
                    "local_ssd_count": 0,
                    "machine_type": "e2-medium",
                    "metadata": {
                      "disable-legacy-endpoints": "true"
                    },
                    "min_cpu_platform": "",
                    "node_group": "",
                    "oauth_scopes": [
                      "https://www.googleapis.com/auth/cloud-platform"
                    ],
                    "preemptible": false,
                    "reservation_affinity": [],
                    "service_account": "k8s-staging@annular-haven-365520.iam.gserviceaccount.com",
                    "shielded_instance_config": [
                      {
                        "enable_integrity_monitoring": true,
                        "enable_secure_boot": false
                      }
                    ],
                    "spot": false,
                    "tags": [],
                    "taint": [],
                    "workload_metadata_config": []
                  }
                ],
                "node_count": 3,
                "node_locations": [
                  "us-central1-a"
                ],
                "upgrade_settings": [
                  {
                    "max_surge": 1,
                    "max_unavailable": 0
                  }
                ],
                "version": "1.22.12-gke.2300"
              }
            ],
            "node_version": "1.22.12-gke.2300",
            "notification_config": [
              {
                "pubsub": [
                  {
                    "enabled": false,
                    "filter": [],
                    "topic": ""
                  }
                ]
              }
            ],
            "operation": null,
            "private_cluster_config": [
              {
                "enable_private_endpoint": true,
                "enable_private_nodes": true,
                "master_global_access_config": [
                  {
                    "enabled": false
                  }
                ],
                "master_ipv4_cidr_block": "172.16.0.0/28",
                "peering_name": "gke-nfb0c2ec1bbef2fef0ab-92af-2db0-peer",
                "private_endpoint": "172.16.0.2",
                "public_endpoint": "35.188.198.67"
              }
            ],
            "private_ipv6_google_access": "",
            "project": "annular-haven-365520",
            "release_channel": [
              {
                "channel": "REGULAR"
              }
            ],
            "remove_default_node_pool": true,
            "resource_labels": {},
            "resource_usage_export_config": [],
            "self_link": "https://container.googleapis.com/v1/projects/annular-haven-365520/zones/us-central1-a/clusters/gke",
            "service_external_ips_config": [
              {
                "enabled": false
              }
            ],
            "services_ipv4_cidr": "10.52.0.0/20",
            "subnetwork": "projects/annular-haven-365520/regions/us-central1/subnetworks/restricted",
            "timeouts": null,
            "tpu_ipv4_cidr_block": "",
            "vertical_pod_autoscaling": [],
            "workload_identity_config": []
          },
          "sensitive_attributes": [],
          "private": "eyJlMmJmYjczMC1lY2FhLTExZTYtOGY4OC0zNDM2M2JjN2M0YzAiOnsiY3JlYXRlIjoyNDAwMDAwMDAwMDAwLCJkZWxldGUiOjI0MDAwMDAwMDAwMDAsInJlYWQiOjI0MDAwMDAwMDAwMDAsInVwZGF0ZSI6MzYwMDAwMDAwMDAwMH0sInNjaGVtYV92ZXJzaW9uIjoiMSJ9",
          "dependencies": [
            "module.network.google_compute_network.vpc_network",
            "module.network.google_compute_subnetwork.restrict-subnet",
            "module.network.google_project_service.compute",
            "module.network.google_project_service.container"
          ]
        }
      ]
    },
    {
      "module": "module.K8s",
      "mode": "managed",
      "type": "google_container_node_pool",
      "name": "general",
      "provider": "provider[\"registry.terraform.io/hashicorp/google\"]",
      "instances": [
        {
          "schema_version": 1,
          "attributes": {
            "autoscaling": [],
            "cluster": "gke",
            "id": "projects/annular-haven-365520/locations/us-central1-a/clusters/gke/nodePools/general",
            "initial_node_count": 3,
            "instance_group_urls": [
              "https://www.googleapis.com/compute/v1/projects/annular-haven-365520/zones/us-central1-a/instanceGroupManagers/gke-gke-general-7dc2205e-grp"
            ],
            "location": "us-central1-a",
            "managed_instance_group_urls": [
              "https://www.googleapis.com/compute/v1/projects/annular-haven-365520/zones/us-central1-a/instanceGroups/gke-gke-general-7dc2205e-grp"
            ],
            "management": [
              {
                "auto_repair": true,
                "auto_upgrade": true
              }
            ],
            "max_pods_per_node": 110,
            "name": "general",
            "name_prefix": "",
            "node_config": [
              {
                "boot_disk_kms_key": "",
                "disk_size_gb": 100,
                "disk_type": "pd-standard",
                "gcfs_config": [],
                "guest_accelerator": [],
                "gvnic": [],
                "image_type": "COS_CONTAINERD",
                "labels": {
                  "role": "general"
                },
                "local_ssd_count": 0,
                "machine_type": "e2-medium",
                "metadata": {
                  "disable-legacy-endpoints": "true"
                },
                "min_cpu_platform": "",
                "node_group": "",
                "oauth_scopes": [
                  "https://www.googleapis.com/auth/cloud-platform"
                ],
                "preemptible": false,
                "reservation_affinity": [],
                "service_account": "k8s-staging@annular-haven-365520.iam.gserviceaccount.com",
                "shielded_instance_config": [
                  {
                    "enable_integrity_monitoring": true,
                    "enable_secure_boot": false
                  }
                ],
                "spot": false,
                "tags": [],
                "taint": [],
                "workload_metadata_config": []
              }
            ],
            "node_count": 3,
            "node_locations": [
              "us-central1-a"
            ],
            "operation": null,
            "project": "annular-haven-365520",
            "timeouts": null,
            "upgrade_settings": [
              {
                "max_surge": 1,
                "max_unavailable": 0
              }
            ],
            "version": "1.22.12-gke.2300"
          },
          "sensitive_attributes": [],
          "private": "eyJlMmJmYjczMC1lY2FhLTExZTYtOGY4OC0zNDM2M2JjN2M0YzAiOnsiY3JlYXRlIjoxODAwMDAwMDAwMDAwLCJkZWxldGUiOjE4MDAwMDAwMDAwMDAsInVwZGF0ZSI6MTgwMDAwMDAwMDAwMH0sInNjaGVtYV92ZXJzaW9uIjoiMSJ9",
          "dependencies": [
            "module.K8s.google_container_cluster.gke",
            "module.K8s.google_service_account.k8s-staging",
            "module.network.google_compute_network.vpc_network",
            "module.network.google_compute_subnetwork.restrict-subnet",
            "module.network.google_project_service.compute",
            "module.network.google_project_service.container"
          ]
        }
      ]
    },
    {
      "module": "module.K8s",
      "mode": "managed",
      "type": "google_project_iam_binding",
      "name": "kubernate-service",
      "provider": "provider[\"registry.terraform.io/hashicorp/google\"]",
      "instances": [
        {
          "schema_version": 0,
          "attributes": {
            "condition": [],
            "etag": "BwXsWxnqBa4=",
            "id": "annular-haven-365520/roles/storage.admin",
            "members": [
              "serviceAccount:k8s-staging@annular-haven-365520.iam.gserviceaccount.com"
            ],
            "project": "annular-haven-365520",
            "role": "roles/storage.admin"
          },
          "sensitive_attributes": [],
          "private": "bnVsbA==",
          "dependencies": [
            "module.K8s.data.google_project.project",
            "module.K8s.google_service_account.k8s-staging"
          ]
        }
      ]
    },
    {
      "module": "module.K8s",
      "mode": "managed",
      "type": "google_service_account",
      "name": "k8s-staging",
      "provider": "provider[\"registry.terraform.io/hashicorp/google\"]",
      "instances": [
        {
          "schema_version": 0,
          "attributes": {
            "account_id": "k8s-staging",
            "description": "",
            "disabled": false,
            "display_name": "",
            "email": "k8s-staging@annular-haven-365520.iam.gserviceaccount.com",
            "id": "projects/annular-haven-365520/serviceAccounts/k8s-staging@annular-haven-365520.iam.gserviceaccount.com",
            "name": "projects/annular-haven-365520/serviceAccounts/k8s-staging@annular-haven-365520.iam.gserviceaccount.com",
            "project": "annular-haven-365520",
            "timeouts": null,
            "unique_id": "104196633803967764447"
          },
          "sensitive_attributes": [],
          "private": "eyJlMmJmYjczMC1lY2FhLTExZTYtOGY4OC0zNDM2M2JjN2M0YzAiOnsiY3JlYXRlIjozMDAwMDAwMDAwMDB9fQ=="
        }
      ]
    },
    {
      "module": "module.bastion",
      "mode": "data",
      "type": "google_project",
      "name": "project",
      "provider": "provider[\"registry.terraform.io/hashicorp/google\"]",
      "instances": [
        {
          "schema_version": 0,
          "attributes": {
            "auto_create_network": null,
            "billing_account": "01A78F-B74468-B7D329",
            "folder_id": null,
            "id": "projects/annular-haven-365520",
            "labels": {},
            "name": "Alimohamed",
            "number": "332160196033",
            "org_id": null,
            "project_id": "annular-haven-365520",
            "skip_delete": null
          },
          "sensitive_attributes": []
        }
      ]
    },
    {
      "module": "module.bastion",
      "mode": "managed",
      "type": "google_compute_firewall",
      "name": "bastion",
      "provider": "provider[\"registry.terraform.io/hashicorp/google\"]",
      "instances": [
        {
          "schema_version": 1,
          "attributes": {
            "allow": [
              {
                "ports": [
                  "22"
                ],
                "protocol": "tcp"
              }
            ],
            "creation_timestamp": "2022-10-31T14:17:14.804-07:00",
            "deny": [],
            "description": "",
            "destination_ranges": [],
            "direction": "INGRESS",
            "disabled": false,
            "enable_logging": null,
            "id": "projects/annular-haven-365520/global/firewalls/allow-ssh",
            "log_config": [],
            "name": "allow-ssh",
            "network": "https://www.googleapis.com/compute/v1/projects/annular-haven-365520/global/networks/custom-vpc",
            "priority": 1000,
            "project": "annular-haven-365520",
            "self_link": "https://www.googleapis.com/compute/v1/projects/annular-haven-365520/global/firewalls/allow-ssh",
            "source_ranges": [
              "35.235.240.0/20"
            ],
            "source_service_accounts": [],
            "source_tags": [],
            "target_service_accounts": [],
            "target_tags": [
              "bastion"
            ],
            "timeouts": null
          },
          "sensitive_attributes": [],
          "private": "eyJlMmJmYjczMC1lY2FhLTExZTYtOGY4OC0zNDM2M2JjN2M0YzAiOnsiY3JlYXRlIjoxMjAwMDAwMDAwMDAwLCJkZWxldGUiOjEyMDAwMDAwMDAwMDAsInVwZGF0ZSI6MTIwMDAwMDAwMDAwMH0sInNjaGVtYV92ZXJzaW9uIjoiMSJ9",
          "dependencies": [
            "module.network.google_compute_network.vpc_network",
            "module.network.google_project_service.compute",
            "module.network.google_project_service.container"
          ]
        }
      ]
    },
    {
      "module": "module.bastion",
      "mode": "managed",
      "type": "google_compute_instance",
      "name": "bastion",
      "provider": "provider[\"registry.terraform.io/hashicorp/google\"]",
      "instances": [
        {
          "schema_version": 6,
          "attributes": {
            "advanced_machine_features": [],
            "allow_stopping_for_update": null,
            "attached_disk": [],
            "boot_disk": [
              {
                "auto_delete": true,
                "device_name": "persistent-disk-0",
                "disk_encryption_key_raw": "",
                "disk_encryption_key_sha256": "",
                "initialize_params": [
                  {
                    "image": "https://www.googleapis.com/compute/v1/projects/debian-cloud/global/images/debian-11-bullseye-v20220920",
                    "labels": {},
                    "size": 10,
                    "type": "pd-standard"
                  }
                ],
                "kms_key_self_link": "",
                "mode": "READ_WRITE",
                "source": "https://www.googleapis.com/compute/v1/projects/annular-haven-365520/zones/us-central1-a/disks/bastion"
              }
            ],
            "can_ip_forward": false,
            "confidential_instance_config": [],
            "cpu_platform": "Intel Broadwell",
            "current_status": "RUNNING",
            "deletion_protection": false,
            "description": "",
            "desired_status": null,
            "enable_display": false,
            "guest_accelerator": [],
            "hostname": "",
            "id": "projects/annular-haven-365520/zones/us-central1-a/instances/bastion",
            "instance_id": "1153150365123577159",
            "label_fingerprint": "42WmSpB8rSM=",
            "labels": {},
            "machine_type": "e2-medium",
            "metadata": {},
            "metadata_fingerprint": "mxlNm6USPjc=",
            "metadata_startup_script": "#!/bin/bash\nsudo apt-get update\nsudo apt-get install -y ca-certificates curl\nsudo apt-get install -y apt-transport-https\nsudo curl -fsSLo /usr/share/keyrings/kubernetes-archive-keyring.gpg https://packages.cloud.google.com/apt/doc/apt-key.gpg\necho \"deb [signed-by=/usr/share/keyrings/kubernetes-archive-keyring.gpg] https://apt.kubernetes.io/ kubernetes-xenial main\" | sudo tee /etc/apt/sources.list.d/kubernetes.list\nsudo apt-get update\nsudo apt-get install -y kubectl\nsudo apt-get install google-cloud-sdk-gke-gcloud-auth-plugin",
            "min_cpu_platform": "",
            "name": "bastion",
            "network_interface": [
              {
                "access_config": [],
                "alias_ip_range": [],
                "ipv6_access_config": [],
                "ipv6_access_type": "",
                "name": "nic0",
                "network": "https://www.googleapis.com/compute/v1/projects/annular-haven-365520/global/networks/custom-vpc",
                "network_ip": "192.168.1.2",
                "nic_type": "",
                "queue_count": 0,
                "stack_type": "IPV4_ONLY",
                "subnetwork": "https://www.googleapis.com/compute/v1/projects/annular-haven-365520/regions/us-central1/subnetworks/manage",
                "subnetwork_project": "annular-haven-365520"
              }
            ],
            "project": "annular-haven-365520",
            "reservation_affinity": [],
            "resource_policies": [],
            "scheduling": [
              {
                "automatic_restart": true,
                "instance_termination_action": "",
                "min_node_cpus": 0,
                "node_affinities": [],
                "on_host_maintenance": "MIGRATE",
                "preemptible": false,
                "provisioning_model": "STANDARD"
              }
            ],
            "scratch_disk": [],
            "self_link": "https://www.googleapis.com/compute/v1/projects/annular-haven-365520/zones/us-central1-a/instances/bastion",
            "service_account": [
              {
                "email": "annular-haven-365520-bastion@annular-haven-365520.iam.gserviceaccount.com",
                "scopes": [
                  "https://www.googleapis.com/auth/cloud-platform"
                ]
              }
            ],
            "shielded_instance_config": [
              {
                "enable_integrity_monitoring": true,
                "enable_secure_boot": false,
                "enable_vtpm": true
              }
            ],
            "tags": [
              "bastion"
            ],
            "tags_fingerprint": "NfTTNVh6sLU=",
            "timeouts": null,
            "zone": "us-central1-a"
          },
          "sensitive_attributes": [],
          "private": "eyJlMmJmYjczMC1lY2FhLTExZTYtOGY4OC0zNDM2M2JjN2M0YzAiOnsiY3JlYXRlIjoxMjAwMDAwMDAwMDAwLCJkZWxldGUiOjEyMDAwMDAwMDAwMDAsInVwZGF0ZSI6MTIwMDAwMDAwMDAwMH0sInNjaGVtYV92ZXJzaW9uIjoiNiJ9",
          "dependencies": [
            "module.bastion.google_service_account.bastion_service",
            "module.network.google_compute_network.vpc_network",
            "module.network.google_compute_subnetwork.manage-subnet",
            "module.network.google_project_service.compute",
            "module.network.google_project_service.container"
          ]
        }
      ]
    },
    {
      "module": "module.bastion",
      "mode": "managed",
      "type": "google_project_iam_binding",
      "name": "mservice_infra_binding",
      "provider": "provider[\"registry.terraform.io/hashicorp/google\"]",
      "instances": [
        {
          "schema_version": 0,
          "attributes": {
            "condition": [],
            "etag": "BwXsWxnqBa4=",
            "id": "annular-haven-365520/roles/container.admin",
            "members": [
              "serviceAccount:annular-haven-365520-bastion@annular-haven-365520.iam.gserviceaccount.com"
            ],
            "project": "annular-haven-365520",
            "role": "roles/container.admin"
          },
          "sensitive_attributes": [],
          "private": "bnVsbA==",
          "dependencies": [
            "module.bastion.data.google_project.project",
            "module.bastion.google_service_account.bastion_service"
          ]
        }
      ]
    },
    {
      "module": "module.bastion",
      "mode": "managed",
      "type": "google_service_account",
      "name": "bastion_service",
      "provider": "provider[\"registry.terraform.io/hashicorp/google\"]",
      "instances": [
        {
          "schema_version": 0,
          "attributes": {
            "account_id": "annular-haven-365520-bastion",
            "description": "",
            "disabled": false,
            "display_name": "service_bastion",
            "email": "annular-haven-365520-bastion@annular-haven-365520.iam.gserviceaccount.com",
            "id": "projects/annular-haven-365520/serviceAccounts/annular-haven-365520-bastion@annular-haven-365520.iam.gserviceaccount.com",
            "name": "projects/annular-haven-365520/serviceAccounts/annular-haven-365520-bastion@annular-haven-365520.iam.gserviceaccount.com",
            "project": "annular-haven-365520",
            "timeouts": null,
            "unique_id": "117732353481908896216"
          },
          "sensitive_attributes": [],
          "private": "eyJlMmJmYjczMC1lY2FhLTExZTYtOGY4OC0zNDM2M2JjN2M0YzAiOnsiY3JlYXRlIjozMDAwMDAwMDAwMDB9fQ=="
        }
      ]
    },
    {
      "module": "module.network",
      "mode": "managed",
      "type": "google_compute_address",
      "name": "eks_nat_ip",
      "provider": "provider[\"registry.terraform.io/hashicorp/google\"]",
      "instances": [
        {
          "schema_version": 0,
          "attributes": {
            "address": "34.66.64.220",
            "address_type": "EXTERNAL",
            "creation_timestamp": "2022-10-31T14:41:05.696-07:00",
            "description": "",
            "id": "projects/annular-haven-365520/regions/us-central1/addresses/eksnat",
            "name": "eksnat",
            "network": "",
            "network_tier": "PREMIUM",
            "prefix_length": 0,
            "project": "annular-haven-365520",
            "purpose": "",
            "region": "us-central1",
            "self_link": "https://www.googleapis.com/compute/v1/projects/annular-haven-365520/regions/us-central1/addresses/eksnat",
            "subnetwork": "",
            "timeouts": null,
            "users": []
          },
          "sensitive_attributes": [],
          "private": "eyJlMmJmYjczMC1lY2FhLTExZTYtOGY4OC0zNDM2M2JjN2M0YzAiOnsiY3JlYXRlIjoxMjAwMDAwMDAwMDAwLCJkZWxldGUiOjEyMDAwMDAwMDAwMDB9fQ=="
        }
      ]
    },
    {
      "module": "module.network",
      "mode": "managed",
      "type": "google_compute_address",
      "name": "nat",
      "provider": "provider[\"registry.terraform.io/hashicorp/google\"]",
      "instances": [
        {
          "schema_version": 0,
          "attributes": {
            "address": "35.223.26.36",
            "address_type": "EXTERNAL",
            "creation_timestamp": "2022-10-31T14:16:23.654-07:00",
            "description": "",
            "id": "projects/annular-haven-365520/regions/us-central1/addresses/nat",
            "name": "nat",
            "network": "",
            "network_tier": "PREMIUM",
            "prefix_length": 0,
            "project": "annular-haven-365520",
            "purpose": "",
            "region": "us-central1",
            "self_link": "https://www.googleapis.com/compute/v1/projects/annular-haven-365520/regions/us-central1/addresses/nat",
            "subnetwork": "",
            "timeouts": null,
            "users": [
              "https://www.googleapis.com/compute/v1/projects/annular-haven-365520/regions/us-central1/routers/manage"
            ]
          },
          "sensitive_attributes": [],
          "private": "eyJlMmJmYjczMC1lY2FhLTExZTYtOGY4OC0zNDM2M2JjN2M0YzAiOnsiY3JlYXRlIjoxMjAwMDAwMDAwMDAwLCJkZWxldGUiOjEyMDAwMDAwMDAwMDB9fQ==",
          "dependencies": [
            "module.network.google_project_service.compute"
          ]
        }
      ]
    },
    {
      "module": "module.network",
      "mode": "managed",
      "type": "google_compute_network",
      "name": "vpc_network",
      "provider": "provider[\"registry.terraform.io/hashicorp/google\"]",
      "instances": [
        {
          "schema_version": 0,
          "attributes": {
            "auto_create_subnetworks": false,
            "delete_default_routes_on_create": false,
            "description": "",
            "enable_ula_internal_ipv6": false,
            "gateway_ipv4": "",
            "id": "projects/annular-haven-365520/global/networks/custom-vpc",
            "internal_ipv6_range": "",
            "mtu": 1460,
            "name": "custom-vpc",
            "project": "annular-haven-365520",
            "routing_mode": "REGIONAL",
            "self_link": "https://www.googleapis.com/compute/v1/projects/annular-haven-365520/global/networks/custom-vpc",
            "timeouts": null
          },
          "sensitive_attributes": [],
          "private": "eyJlMmJmYjczMC1lY2FhLTExZTYtOGY4OC0zNDM2M2JjN2M0YzAiOnsiY3JlYXRlIjoxMjAwMDAwMDAwMDAwLCJkZWxldGUiOjEyMDAwMDAwMDAwMDAsInVwZGF0ZSI6MTIwMDAwMDAwMDAwMH19",
          "dependencies": [
            "module.network.google_project_service.compute",
            "module.network.google_project_service.container"
          ]
        }
      ]
    },
    {
      "module": "module.network",
      "mode": "managed",
      "type": "google_compute_router",
      "name": "restricted_router",
      "provider": "provider[\"registry.terraform.io/hashicorp/google\"]",
      "instances": [
        {
          "schema_version": 0,
          "attributes": {
            "bgp": [
              {
                "advertise_mode": "DEFAULT",
                "advertised_groups": [],
                "advertised_ip_ranges": [],
                "asn": 64514,
                "keepalive_interval": 20
              }
            ],
            "creation_timestamp": "2022-10-31T14:17:53.893-07:00",
            "description": "",
            "encrypted_interconnect_router": false,
            "id": "projects/annular-haven-365520/regions/us-central1/routers/restricted",
            "name": "restricted",
            "network": "https://www.googleapis.com/compute/v1/projects/annular-haven-365520/global/networks/custom-vpc",
            "project": "annular-haven-365520",
            "region": "us-central1",
            "self_link": "https://www.googleapis.com/compute/v1/projects/annular-haven-365520/regions/us-central1/routers/restricted",
            "timeouts": null
          },
          "sensitive_attributes": [],
          "private": "eyJlMmJmYjczMC1lY2FhLTExZTYtOGY4OC0zNDM2M2JjN2M0YzAiOnsiY3JlYXRlIjoxMjAwMDAwMDAwMDAwLCJkZWxldGUiOjEyMDAwMDAwMDAwMDAsInVwZGF0ZSI6MTIwMDAwMDAwMDAwMH19",
          "dependencies": [
            "module.network.google_compute_network.vpc_network",
            "module.network.google_compute_subnetwork.restrict-subnet",
            "module.network.google_project_service.compute",
            "module.network.google_project_service.container"
          ]
        }
      ]
    },
    {
      "module": "module.network",
      "mode": "managed",
      "type": "google_compute_router",
      "name": "router",
      "provider": "provider[\"registry.terraform.io/hashicorp/google\"]",
      "instances": [
        {
          "schema_version": 0,
          "attributes": {
            "bgp": [
              {
                "advertise_mode": "DEFAULT",
                "advertised_groups": [],
                "advertised_ip_ranges": [],
                "asn": 64514,
                "keepalive_interval": 20
              }
            ],
            "creation_timestamp": "2022-10-31T14:17:49.716-07:00",
            "description": "",
            "encrypted_interconnect_router": false,
            "id": "projects/annular-haven-365520/regions/us-central1/routers/manage",
            "name": "manage",
            "network": "https://www.googleapis.com/compute/v1/projects/annular-haven-365520/global/networks/custom-vpc",
            "project": "annular-haven-365520",
            "region": "us-central1",
            "self_link": "https://www.googleapis.com/compute/v1/projects/annular-haven-365520/regions/us-central1/routers/manage",
            "timeouts": null
          },
          "sensitive_attributes": [],
          "private": "eyJlMmJmYjczMC1lY2FhLTExZTYtOGY4OC0zNDM2M2JjN2M0YzAiOnsiY3JlYXRlIjoxMjAwMDAwMDAwMDAwLCJkZWxldGUiOjEyMDAwMDAwMDAwMDAsInVwZGF0ZSI6MTIwMDAwMDAwMDAwMH19",
          "dependencies": [
            "module.network.google_compute_network.vpc_network",
            "module.network.google_compute_subnetwork.manage-subnet",
            "module.network.google_project_service.compute",
            "module.network.google_project_service.container"
          ]
        }
      ]
    },
    {
      "module": "module.network",
      "mode": "managed",
      "type": "google_compute_router_nat",
      "name": "eks_nat",
      "provider": "provider[\"registry.terraform.io/hashicorp/google\"]",
      "instances": [
        {
          "schema_version": 0,
          "attributes": {
            "drain_nat_ips": null,
            "enable_dynamic_port_allocation": false,
            "enable_endpoint_independent_mapping": true,
            "icmp_idle_timeout_sec": 30,
            "id": "annular-haven-365520/us-central1/restricted/eksnat",
            "log_config": [],
            "max_ports_per_vm": 0,
            "min_ports_per_vm": 0,
            "name": "eksnat",
            "nat_ip_allocate_option": "MANUAL_ONLY",
            "nat_ips": [
              "https://www.googleapis.com/compute/v1/projects/annular-haven-365520/regions/us-central1/addresses/eksnat"
            ],
            "project": "annular-haven-365520",
            "region": "us-central1",
            "router": "restricted",
            "source_subnetwork_ip_ranges_to_nat": "LIST_OF_SUBNETWORKS",
            "subnetwork": [
              {
                "name": "projects/annular-haven-365520/regions/us-central1/subnetworks/restricted",
                "secondary_ip_range_names": [],
                "source_ip_ranges_to_nat": [
                  "ALL_IP_RANGES"
                ]
              }
            ],
            "tcp_established_idle_timeout_sec": 1200,
            "tcp_transitory_idle_timeout_sec": 30,
            "timeouts": null,
            "udp_idle_timeout_sec": 30
          },
          "sensitive_attributes": [],
          "private": "eyJlMmJmYjczMC1lY2FhLTExZTYtOGY4OC0zNDM2M2JjN2M0YzAiOnsiY3JlYXRlIjoxMjAwMDAwMDAwMDAwLCJkZWxldGUiOjEyMDAwMDAwMDAwMDAsInVwZGF0ZSI6MTIwMDAwMDAwMDAwMH19",
          "dependencies": [
            "module.network.google_compute_address.eks_nat_ip",
            "module.network.google_compute_network.vpc_network",
            "module.network.google_compute_router.restricted_router",
            "module.network.google_compute_subnetwork.restrict-subnet",
            "module.network.google_project_service.compute",
            "module.network.google_project_service.container"
          ]
        }
      ]
    },
    {
      "module": "module.network",
      "mode": "managed",
      "type": "google_compute_router_nat",
      "name": "nat",
      "provider": "provider[\"registry.terraform.io/hashicorp/google\"]",
      "instances": [
        {
          "schema_version": 0,
          "attributes": {
            "drain_nat_ips": [],
            "enable_dynamic_port_allocation": false,
            "enable_endpoint_independent_mapping": true,
            "icmp_idle_timeout_sec": 30,
            "id": "annular-haven-365520/us-central1/manage/nat",
            "log_config": [],
            "max_ports_per_vm": 0,
            "min_ports_per_vm": 0,
            "name": "nat",
            "nat_ip_allocate_option": "MANUAL_ONLY",
            "nat_ips": [
              "https://www.googleapis.com/compute/v1/projects/annular-haven-365520/regions/us-central1/addresses/nat"
            ],
            "project": "annular-haven-365520",
            "region": "us-central1",
            "router": "manage",
            "source_subnetwork_ip_ranges_to_nat": "LIST_OF_SUBNETWORKS",
            "subnetwork": [
              {
                "name": "https://www.googleapis.com/compute/v1/projects/annular-haven-365520/regions/us-central1/subnetworks/manage",
                "secondary_ip_range_names": [],
                "source_ip_ranges_to_nat": [
                  "ALL_IP_RANGES"
                ]
              }
            ],
            "tcp_established_idle_timeout_sec": 1200,
            "tcp_transitory_idle_timeout_sec": 30,
            "timeouts": null,
            "udp_idle_timeout_sec": 30
          },
          "sensitive_attributes": [],
          "private": "eyJlMmJmYjczMC1lY2FhLTExZTYtOGY4OC0zNDM2M2JjN2M0YzAiOnsiY3JlYXRlIjoxMjAwMDAwMDAwMDAwLCJkZWxldGUiOjEyMDAwMDAwMDAwMDAsInVwZGF0ZSI6MTIwMDAwMDAwMDAwMH19",
          "dependencies": [
            "module.network.google_compute_address.nat",
            "module.network.google_compute_network.vpc_network",
            "module.network.google_compute_router.router",
            "module.network.google_compute_subnetwork.manage-subnet",
            "module.network.google_project_service.compute",
            "module.network.google_project_service.container"
          ]
        }
      ]
    },
    {
      "module": "module.network",
      "mode": "managed",
      "type": "google_compute_subnetwork",
      "name": "manage-subnet",
      "provider": "provider[\"registry.terraform.io/hashicorp/google\"]",
      "instances": [
        {
          "schema_version": 0,
          "attributes": {
            "creation_timestamp": "2022-10-31T14:17:23.411-07:00",
            "description": "",
            "external_ipv6_prefix": "",
            "fingerprint": null,
            "gateway_address": "192.168.1.1",
            "id": "projects/annular-haven-365520/regions/us-central1/subnetworks/manage",
            "ip_cidr_range": "192.168.1.0/24",
            "ipv6_access_type": "",
            "ipv6_cidr_range": "",
            "log_config": [],
            "name": "manage",
            "network": "https://www.googleapis.com/compute/v1/projects/annular-haven-365520/global/networks/custom-vpc",
            "private_ip_google_access": true,
            "private_ipv6_google_access": "DISABLE_GOOGLE_ACCESS",
            "project": "annular-haven-365520",
            "purpose": "PRIVATE",
            "region": "us-central1",
            "role": "",
            "secondary_ip_range": [],
            "self_link": "https://www.googleapis.com/compute/v1/projects/annular-haven-365520/regions/us-central1/subnetworks/manage",
            "stack_type": "IPV4_ONLY",
            "timeouts": null
          },
          "sensitive_attributes": [],
          "private": "eyJlMmJmYjczMC1lY2FhLTExZTYtOGY4OC0zNDM2M2JjN2M0YzAiOnsiY3JlYXRlIjoxMjAwMDAwMDAwMDAwLCJkZWxldGUiOjEyMDAwMDAwMDAwMDAsInVwZGF0ZSI6MTIwMDAwMDAwMDAwMH19",
          "dependencies": [
            "module.network.google_compute_network.vpc_network",
            "module.network.google_project_service.compute",
            "module.network.google_project_service.container"
          ]
        }
      ]
    },
    {
      "module": "module.network",
      "mode": "managed",
      "type": "google_compute_subnetwork",
      "name": "restrict-subnet",
      "provider": "provider[\"registry.terraform.io/hashicorp/google\"]",
      "instances": [
        {
          "schema_version": 0,
          "attributes": {
            "creation_timestamp": "2022-10-31T14:17:24.622-07:00",
            "description": "",
            "external_ipv6_prefix": "",
            "fingerprint": null,
            "gateway_address": "10.0.0.1",
            "id": "projects/annular-haven-365520/regions/us-central1/subnetworks/restricted",
            "ip_cidr_range": "10.0.0.0/18",
            "ipv6_access_type": "",
            "ipv6_cidr_range": "",
            "log_config": [],
            "name": "restricted",
            "network": "https://www.googleapis.com/compute/v1/projects/annular-haven-365520/global/networks/custom-vpc",
            "private_ip_google_access": false,
            "private_ipv6_google_access": "DISABLE_GOOGLE_ACCESS",
            "project": "annular-haven-365520",
            "purpose": "PRIVATE",
            "region": "us-central1",
            "role": "",
            "secondary_ip_range": [
              {
                "ip_cidr_range": "10.48.0.0/14",
                "range_name": "k8s-pod-range"
              },
              {
                "ip_cidr_range": "10.52.0.0/20",
                "range_name": "k8s-service-range"
              }
            ],
            "self_link": "https://www.googleapis.com/compute/v1/projects/annular-haven-365520/regions/us-central1/subnetworks/restricted",
            "stack_type": "IPV4_ONLY",
            "timeouts": null
          },
          "sensitive_attributes": [],
          "private": "eyJlMmJmYjczMC1lY2FhLTExZTYtOGY4OC0zNDM2M2JjN2M0YzAiOnsiY3JlYXRlIjoxMjAwMDAwMDAwMDAwLCJkZWxldGUiOjEyMDAwMDAwMDAwMDAsInVwZGF0ZSI6MTIwMDAwMDAwMDAwMH19",
          "dependencies": [
            "module.network.google_compute_network.vpc_network",
            "module.network.google_project_service.compute",
            "module.network.google_project_service.container"
          ]
        }
      ]
    },
    {
      "module": "module.network",
      "mode": "managed",
      "type": "google_project_service",
      "name": "compute",
      "provider": "provider[\"registry.terraform.io/hashicorp/google\"]",
      "instances": [
        {
          "schema_version": 0,
          "attributes": {
            "disable_dependent_services": null,
            "disable_on_destroy": true,
            "id": "annular-haven-365520/compute.googleapis.com",
            "project": "annular-haven-365520",
            "service": "compute.googleapis.com",
            "timeouts": null
          },
          "sensitive_attributes": [],
          "private": "eyJlMmJmYjczMC1lY2FhLTExZTYtOGY4OC0zNDM2M2JjN2M0YzAiOnsiY3JlYXRlIjoxMjAwMDAwMDAwMDAwLCJkZWxldGUiOjEyMDAwMDAwMDAwMDAsInJlYWQiOjYwMDAwMDAwMDAwMCwidXBkYXRlIjoxMjAwMDAwMDAwMDAwfX0="
        }
      ]
    },
    {
      "module": "module.network",
      "mode": "managed",
      "type": "google_project_service",
      "name": "container",
      "provider": "provider[\"registry.terraform.io/hashicorp/google\"]",
      "instances": [
        {
          "schema_version": 0,
          "attributes": {
            "disable_dependent_services": null,
            "disable_on_destroy": true,
            "id": "annular-haven-365520/container.googleapis.com",
            "project": "annular-haven-365520",
            "service": "container.googleapis.com",
            "timeouts": null
          },
          "sensitive_attributes": [],
          "private": "eyJlMmJmYjczMC1lY2FhLTExZTYtOGY4OC0zNDM2M2JjN2M0YzAiOnsiY3JlYXRlIjoxMjAwMDAwMDAwMDAwLCJkZWxldGUiOjEyMDAwMDAwMDAwMDAsInJlYWQiOjYwMDAwMDAwMDAwMCwidXBkYXRlIjoxMjAwMDAwMDAwMDAwfX0="
        }
      ]
    }
  ],
  "check_results": []
}
